
Microsoft Visual Studio Solution File, Format Version 12.00
# Visual Studio Version 17
VisualStudioVersion = 17.3.32825.248
MinimumVisualStudioVersion = 10.0.40219.1
Project("{9A19103F-16F7-4668-BE54-9A1E7A4F7556}") = "BlazorFirstTry", "BlazorFirstTry\BlazorFirstTry.csproj", "{B67BD17D-D642-4B31-B051-E01FA1AED93C}"
EndProject
Project("{9A19103F-16F7-4668-BE54-9A1E7A4F7556}") = "BlazorFirstTryApi", "BlazorFirstTry API\BlazorFirstTryApi.csproj", "{746E1813-5D08-4FB8-AC11-10B9E96228BB}"
EndProject
Project("{9A19103F-16F7-4668-BE54-9A1E7A4F7556}") = "ShopOnline.Models", "ShopOnline.Models\ShopOnline.Models.csproj", "{32B96BE6-3633-417E-B2B1-5E109E0E9D93}"
EndProject
Global
	GlobalSection(SolutionConfigurationPlatforms) = preSolution
		Debug|Any CPU = Debug|Any CPU
		Release|Any CPU = Release|Any CPU
	EndGlobalSection
	GlobalSection(ProjectConfigurationPlatforms) = postSolution
		{B67BD17D-D642-4B31-B051-E01FA1AED93C}.Debug|Any CPU.ActiveCfg = Debug|Any CPU
		{B67BD17D-D642-4B31-B051-E01FA1AED93C}.Debug|Any CPU.Build.0 = Debug|Any CPU
		{B67BD17D-D642-4B31-B051-E01FA1AED93C}.Release|Any CPU.ActiveCfg = Release|Any CPU
		{B67BD17D-D642-4B31-B051-E01FA1AED93C}.Release|Any CPU.Build.0 = Release|Any CPU
		{746E1813-5D08-4FB8-AC11-10B9E96228BB}.Debug|Any CPU.ActiveCfg = Debug|Any CPU
		{746E1813-5D08-4FB8-AC11-10B9E96228BB}.Debug|Any CPU.Build.0 = Debug|Any CPU
		{746E1813-5D08-4FB8-AC11-10B9E96228BB}.Release|Any CPU.ActiveCfg = Release|Any CPU
		{746E1813-5D08-4FB8-AC11-10B9E96228BB}.Release|Any CPU.Build.0 = Release|Any CPU
		{32B96BE6-3633-417E-B2B1-5E109E0E9D93}.Debug|Any CPU.ActiveCfg = Debug|Any CPU
		{32B96BE6-3633-417E-B2B1-5E109E0E9D93}.Debug|Any CPU.Build.0 = Debug|Any CPU
		{32B96BE6-3633-417E-B2B1-5E109E0E9D93}.Release|Any CPU.ActiveCfg = Release|Any CPU
		{32B96BE6-3633-417E-B2B1-5E109E0E9D93}.Release|Any CPU.Build.0 = Release|Any CPU
	EndGlobalSection
	GlobalSection(SolutionProperties) = preSolution
		HideSolutionNode = FALSE
	EndGlobalSection
	GlobalSection(ExtensibilityGlobals) = postSolution
		SolutionGuid = {2752DE38-D250-4609-96FB-D306AD29802E}
	EndGlobalSection
EndGlobal
